{
  "requires": true,
  "lockfileVersion": 1,
  "dependencies": {
    "angular": {
      "version": "1.7.9",
      "resolved": "https://registry.npmjs.org/angular/-/angular-1.7.9.tgz",
      "integrity": "sha512-5se7ZpcOtu0MBFlzGv5dsM1quQDoDeUTwZrWjGtTNA7O88cD8TEk5IEKCTDa3uECV9XnvKREVUr7du1ACiWGFQ=="
    },
    "angular-ui-sortable": {
      "version": "0.19.0",
      "resolved": "https://registry.npmjs.org/angular-ui-sortable/-/angular-ui-sortable-0.19.0.tgz",
      "integrity": "sha512-u/uc981Nzg4XN1bMU9qKleMTSt7F1XjMWnyGw6gxPLIeQeLZm8jWNy7tj8y2r2HmvzXFbQVq2z6rObznFKAekQ==",
      "requires": {
        "angular": ">=1.2.x",
        "jquery": ">=3.1.x",
        "jquery-ui-dist": ">=1.12.x"
      }
    },
    "jquery": {
      "version": "3.5.1",
      "resolved": "https://registry.npmjs.org/jquery/-/jquery-3.5.1.tgz",
      "integrity": "sha512-XwIBPqcMn57FxfT+Go5pzySnm4KWkT1Tv7gjrpT1srtf8Weynl6R273VJ5GjkRb51IzMp5nbaPjJXMWeju2MKg=="
    },
    "jquery-ui-dist": {
      "version": "1.12.1",
      "resolved": "https://registry.npmjs.org/jquery-ui-dist/-/jquery-ui-dist-1.12.1.tgz",
      "integrity": "sha1-XAgV08xvkP9fqvWyaKbiO0ypBPo="
    }
  }
}
